
Microsoft Visual Studio Solution File, Format Version 12.00
# Visual Studio Version 17
VisualStudioVersion = 17.14.36511.14
MinimumVisualStudioVersion = 10.0.40219.1
Project("{FAE04EC0-301F-11D3-BF4B-00C04F79EFBC}") = "misas-thai-street-cuisine-2.0", "misas-thai-street-cuisine-2.0\misas-thai-street-cuisine-2.0.csproj", "{77609297-F0E3-4B29-8058-9D4D55463423}"
EndProject
Global
	GlobalSection(SolutionConfigurationPlatforms) = preSolution
		Debug|Any CPU = Debug|Any CPU
		Release|Any CPU = Release|Any CPU
	EndGlobalSection
	GlobalSection(ProjectConfigurationPlatforms) = postSolution
		{77609297-F0E3-4B29-8058-9D4D55463423}.Debug|Any CPU.ActiveCfg = Debug|Any CPU
		{77609297-F0E3-4B29-8058-9D4D55463423}.Debug|Any CPU.Build.0 = Debug|Any CPU
		{77609297-F0E3-4B29-8058-9D4D55463423}.Release|Any CPU.ActiveCfg = Release|Any CPU
		{77609297-F0E3-4B29-8058-9D4D55463423}.Release|Any CPU.Build.0 = Release|Any CPU
	EndGlobalSection
	GlobalSection(SolutionProperties) = preSolution
		HideSolutionNode = FALSE
	EndGlobalSection
	GlobalSection(ExtensibilityGlobals) = postSolution
		SolutionGuid = {3FE13FD5-759B-4B5C-8EF8-C2CABFEC5B9D}
	EndGlobalSection
EndGlobal
